{
  "name": "relay-lsp",
  "version": "1.0.0",
  "lockfileVersion": 2,
  "requires": true,
  "packages": {
    "": {
      "name": "relay-lsp",
      "version": "1.0.0",
      "license": "MIT",
      "dependencies": {
        "relay-compiler": "^18.0.0"
      }
    },
    "node_modules/relay-compiler": {
      "version": "18.2.0",
      "resolved": "https://registry.npmjs.org/relay-compiler/-/relay-compiler-18.2.0.tgz",
      "integrity": "sha512-P3o5/Gv/oLC9hckUaz/a+KvDgbFERpjtz5lgsJSIQILg9paaF3k1yaX9qSxErGuU4icZvjoK5G82a/bfPgGZpA==",
      "license": "MIT",
      "bin": {
        "relay-compiler": "cli.js"
      }
    }
  },
  "dependencies": {
    "relay-compiler": {
      "version": "18.2.0",
      "resolved": "https://registry.npmjs.org/relay-compiler/-/relay-compiler-18.2.0.tgz",
      "integrity": "sha512-P3o5/Gv/oLC9hckUaz/a+KvDgbFERpjtz5lgsJSIQILg9paaF3k1yaX9qSxErGuU4icZvjoK5G82a/bfPgGZpA=="
    }
  }
}
